
Microsoft Visual Studio Solution File, Format Version 12.00
# Visual Studio 2012
Project("{E24C65DC-7377-472B-9ABA-BC803B73C61A}") = "SLG", ".", "{EE90E32F-D3A0-4780-BD1B-85DE5FB7958F}"
	ProjectSection(WebsiteProperties) = preProject
		TargetFrameworkMoniker = ".NETFramework,Version%3Dv4.0"
		Debug.AspNetCompiler.VirtualPath = "/SLG"
		Debug.AspNetCompiler.PhysicalPath = "..\SLG\"
		Debug.AspNetCompiler.TargetPath = "PrecompiledWeb\SLG\"
		Debug.AspNetCompiler.Updateable = "true"
		Debug.AspNetCompiler.ForceOverwrite = "true"
		Debug.AspNetCompiler.FixedNames = "false"
		Debug.AspNetCompiler.Debug = "True"
		Release.AspNetCompiler.VirtualPath = "/SLG"
		Release.AspNetCompiler.PhysicalPath = "..\SLG\"
		Release.AspNetCompiler.TargetPath = "PrecompiledWeb\SLG\"
		Release.AspNetCompiler.Updateable = "true"
		Release.AspNetCompiler.ForceOverwrite = "true"
		Release.AspNetCompiler.FixedNames = "false"
		Release.AspNetCompiler.Debug = "False"
		VWDPort = "5739"
	EndProjectSection
EndProject
Global
	GlobalSection(SolutionConfigurationPlatforms) = preSolution
		Debug|Any CPU = Debug|Any CPU
	EndGlobalSection
	GlobalSection(ProjectConfigurationPlatforms) = postSolution
		{EE90E32F-D3A0-4780-BD1B-85DE5FB7958F}.Debug|Any CPU.ActiveCfg = Debug|Any CPU
		{EE90E32F-D3A0-4780-BD1B-85DE5FB7958F}.Debug|Any CPU.Build.0 = Debug|Any CPU
	EndGlobalSection
	GlobalSection(SolutionProperties) = preSolution
		HideSolutionNode = FALSE
	EndGlobalSection
EndGlobal
